// !$*UTF8*$!
{
	archiveVersion = 1;
	classes = {
	};
	objectVersion = 50;
	objects = {

/* Begin PBXBuildFile section */
		E18AA28424D6EEF10032D69B /* AppDelegate.swift in Sources */ = {isa = PBXBuildFile; fileRef = E18AA28324D6EEF10032D69B /* AppDelegate.swift */; };
		E18AA28624D6EEF10032D69B /* SceneDelegate.swift in Sources */ = {isa = PBXBuildFile; fileRef = E18AA28524D6EEF10032D69B /* SceneDelegate.swift */; };
		E18AA28824D6EEF10032D69B /* ViewController.swift in Sources */ = {isa = PBXBuildFile; fileRef = E18AA28724D6EEF10032D69B /* ViewController.swift */; };
		E18AA28B24D6EEF10032D69B /* Main.storyboard in Resources */ = {isa = PBXBuildFile; fileRef = E18AA28924D6EEF10032D69B /* Main.storyboard */; };
		E18AA28D24D6EEF30032D69B /* Assets.xcassets in Resources */ = {isa = PBXBuildFile; fileRef = E18AA28C24D6EEF30032D69B /* Assets.xcassets */; };
		E18AA29024D6EEF30032D69B /* LaunchScreen.storyboard in Resources */ = {isa = PBXBuildFile; fileRef = E18AA28E24D6EEF30032D69B /* LaunchScreen.storyboard */; };
		E18AA29824D6FB320032D69B /* Constants.swift in Sources */ = {isa = PBXBuildFile; fileRef = E18AA29724D6FB320032D69B /* Constants.swift */; };
		E18AA29A24D6FD3F0032D69B /* Video.swift in Sources */ = {isa = PBXBuildFile; fileRef = E18AA29924D6FD3F0032D69B /* Video.swift */; };
		E18AA29C24D6FD7E0032D69B /* Model.swift in Sources */ = {isa = PBXBuildFile; fileRef = E18AA29B24D6FD7E0032D69B /* Model.swift */; };
		E18AA29E24D7122A0032D69B /* Response.swift in Sources */ = {isa = PBXBuildFile; fileRef = E18AA29D24D7122A0032D69B /* Response.swift */; };
/* End PBXBuildFile section */

/* Begin PBXFileReference section */
		E18AA28024D6EEF10032D69B /* youtube-onedaybuild.app */ = {isa = PBXFileReference; explicitFileType = wrapper.application; includeInIndex = 0; path = "youtube-onedaybuild.app"; sourceTree = BUILT_PRODUCTS_DIR; };
		E18AA28324D6EEF10032D69B /* AppDelegate.swift */ = {isa = PBXFileReference; lastKnownFileType = sourcecode.swift; path = AppDelegate.swift; sourceTree = "<group>"; };
		E18AA28524D6EEF10032D69B /* SceneDelegate.swift */ = {isa = PBXFileReference; lastKnownFileType = sourcecode.swift; path = SceneDelegate.swift; sourceTree = "<group>"; };
		E18AA28724D6EEF10032D69B /* ViewController.swift */ = {isa = PBXFileReference; lastKnownFileType = sourcecode.swift; path = ViewController.swift; sourceTree = "<group>"; };
		E18AA28A24D6EEF10032D69B /* Base */ = {isa = PBXFileReference; lastKnownFileType = file.storyboard; name = Base; path = Base.lproj/Main.storyboard; sourceTree = "<group>"; };
		E18AA28C24D6EEF30032D69B /* Assets.xcassets */ = {isa = PBXFileReference; lastKnownFileType = folder.assetcatalog; path = Assets.xcassets; sourceTree = "<group>"; };
		E18AA28F24D6EEF30032D69B /* Base */ = {isa = PBXFileReference; lastKnownFileType = file.storyboard; name = Base; path = Base.lproj/LaunchScreen.storyboard; sourceTree = "<group>"; };
		E18AA29124D6EEF30032D69B /* Info.plist */ = {isa = PBXFileReference; lastKnownFileType = text.plist.xml; path = Info.plist; sourceTree = "<group>"; };
		E18AA29724D6FB320032D69B /* Constants.swift */ = {isa = PBXFileReference; lastKnownFileType = sourcecode.swift; path = Constants.swift; sourceTree = "<group>"; };
		E18AA29924D6FD3F0032D69B /* Video.swift */ = {isa = PBXFileReference; lastKnownFileType = sourcecode.swift; path = Video.swift; sourceTree = "<group>"; };
		E18AA29B24D6FD7E0032D69B /* Model.swift */ = {isa = PBXFileReference; lastKnownFileType = sourcecode.swift; path = Model.swift; sourceTree = "<group>"; };
		E18AA29D24D7122A0032D69B /* Response.swift */ = {isa = PBXFileReference; lastKnownFileType = sourcecode.swift; path = Response.swift; sourceTree = "<group>"; };
/* End PBXFileReference section */

/* Begin PBXFrameworksBuildPhase section */
		E18AA27D24D6EEF10032D69B /* Frameworks */ = {
			isa = PBXFrameworksBuildPhase;
			buildActionMask = 2147483647;
			files = (
			);
			runOnlyForDeploymentPostprocessing = 0;
		};
/* End PBXFrameworksBuildPhase section */

/* Begin PBXGroup section */
		E18AA27724D6EEF10032D69B = {
			isa = PBXGroup;
			children = (
				E18AA28224D6EEF10032D69B /* youtube-onedaybuild */,
				E18AA28124D6EEF10032D69B /* Products */,
			);
			sourceTree = "<group>";
		};
		E18AA28124D6EEF10032D69B /* Products */ = {
			isa = PBXGroup;
			children = (
				E18AA28024D6EEF10032D69B /* youtube-onedaybuild.app */,
			);
			name = Products;
			sourceTree = "<group>";
		};
		E18AA28224D6EEF10032D69B /* youtube-onedaybuild */ = {
			isa = PBXGroup;
			children = (
				E18AA28324D6EEF10032D69B /* AppDelegate.swift */,
				E18AA28524D6EEF10032D69B /* SceneDelegate.swift */,
				E18AA28724D6EEF10032D69B /* ViewController.swift */,
				E18AA28924D6EEF10032D69B /* Main.storyboard */,
				E18AA28C24D6EEF30032D69B /* Assets.xcassets */,
				E18AA28E24D6EEF30032D69B /* LaunchScreen.storyboard */,
				E18AA29124D6EEF30032D69B /* Info.plist */,
				E18AA29724D6FB320032D69B /* Constants.swift */,
				E18AA29924D6FD3F0032D69B /* Video.swift */,
				E18AA29B24D6FD7E0032D69B /* Model.swift */,
				E18AA29D24D7122A0032D69B /* Response.swift */,
			);
			path = "youtube-onedaybuild";
			sourceTree = "<group>";
		};
/* End PBXGroup section */

/* Begin PBXNativeTarget section */
		E18AA27F24D6EEF10032D69B /* youtube-onedaybuild */ = {
			isa = PBXNativeTarget;
			buildConfigurationList = E18AA29424D6EEF30032D69B /* Build configuration list for PBXNativeTarget "youtube-onedaybuild" */;
			buildPhases = (
				E18AA27C24D6EEF10032D69B /* Sources */,
				E18AA27D24D6EEF10032D69B /* Frameworks */,
				E18AA27E24D6EEF10032D69B /* Resources */,
			);
			buildRules = (
			);
			dependencies = (
			);
			name = "youtube-onedaybuild";
			productName = "youtube-onedaybuild";
			productReference = E18AA28024D6EEF10032D69B /* youtube-onedaybuild.app */;
			productType = "com.apple.product-type.application";
		};
/* End PBXNativeTarget section */

/* Begin PBXProject section */
		E18AA27824D6EEF10032D69B /* Project object */ = {
			isa = PBXProject;
			attributes = {
				LastSwiftUpdateCheck = 1160;
				LastUpgradeCheck = 1160;
				ORGANIZATIONNAME = "Nadario Ferguson";
				TargetAttributes = {
					E18AA27F24D6EEF10032D69B = {
						CreatedOnToolsVersion = 11.6;
					};
				};
			};
			buildConfigurationList = E18AA27B24D6EEF10032D69B /* Build configuration list for PBXProject "youtube-onedaybuild" */;
			compatibilityVersion = "Xcode 9.3";
			developmentRegion = en;
			hasScannedForEncodings = 0;
			knownRegions = (
				en,
				Base,
			);
			mainGroup = E18AA27724D6EEF10032D69B;
			productRefGroup = E18AA28124D6EEF10032D69B /* Products */;
			projectDirPath = "";
			projectRoot = "";
			targets = (
				E18AA27F24D6EEF10032D69B /* youtube-onedaybuild */,
			);
		};
/* End PBXProject section */

/* Begin PBXResourcesBuildPhase section */
		E18AA27E24D6EEF10032D69B /* Resources */ = {
			isa = PBXResourcesBuildPhase;
			buildActionMask = 2147483647;
			files = (
				E18AA29024D6EEF30032D69B /* LaunchScreen.storyboard in Resources */,
				E18AA28D24D6EEF30032D69B /* Assets.xcassets in Resources */,
				E18AA28B24D6EEF10032D69B /* Main.storyboard in Resources */,
			);
			runOnlyForDeploymentPostprocessing = 0;
		};
/* End PBXResourcesBuildPhase section */

/* Begin PBXSourcesBuildPhase section */
		E18AA27C24D6EEF10032D69B /* Sources */ = {
			isa = PBXSourcesBuildPhase;
			buildActionMask = 2147483647;
			files = (
				E18AA28824D6EEF10032D69B /* ViewController.swift in Sources */,
				E18AA28424D6EEF10032D69B /* AppDelegate.swift in Sources */,
				E18AA28624D6EEF10032D69B /* SceneDelegate.swift in Sources */,
				E18AA29C24D6FD7E0032D69B /* Model.swift in Sources */,
				E18AA29824D6FB320032D69B /* Constants.swift in Sources */,
				E18AA29A24D6FD3F0032D69B /* Video.swift in Sources */,
				E18AA29E24D7122A0032D69B /* Response.swift in Sources */,
			);
			runOnlyForDeploymentPostprocessing = 0;
		};
/* End PBXSourcesBuildPhase section */

/* Begin PBXVariantGroup section */
		E18AA28924D6EEF10032D69B /* Main.storyboard */ = {
			isa = PBXVariantGroup;
			children = (
				E18AA28A24D6EEF10032D69B /* Base */,
			);
			name = Main.storyboard;
			sourceTree = "<group>";
		};
		E18AA28E24D6EEF30032D69B /* LaunchScreen.storyboard */ = {
			isa = PBXVariantGroup;
			children = (
				E18AA28F24D6EEF30032D69B /* Base */,
			);
			name = LaunchScreen.storyboard;
			sourceTree = "<group>";
		};
/* End PBXVariantGroup section */

/* Begin XCBuildConfiguration section */
		E18AA29224D6EEF30032D69B /* Debug */ = {
			isa = XCBuildConfiguration;
			buildSettings = {
				ALWAYS_SEARCH_USER_PATHS = NO;
				CLANG_ANALYZER_NONNULL = YES;
				CLANG_ANALYZER_NUMBER_OBJECT_CONVERSION = YES_AGGRESSIVE;
				CLANG_CXX_LANGUAGE_STANDARD = "gnu++14";
				CLANG_CXX_LIBRARY = "libc++";
				CLANG_ENABLE_MODULES = YES;
				CLANG_ENABLE_OBJC_ARC = YES;
				CLANG_ENABLE_OBJC_WEAK = YES;
				CLANG_WARN_BLOCK_CAPTURE_AUTORELEASING = YES;
				CLANG_WARN_BOOL_CONVERSION = YES;
				CLANG_WARN_COMMA = YES;
				CLANG_WARN_CONSTANT_CONVERSION = YES;
				CLANG_WARN_DEPRECATED_OBJC_IMPLEMENTATIONS = YES;
				CLANG_WARN_DIRECT_OBJC_ISA_USAGE = YES_ERROR;
				CLANG_WARN_DOCUMENTATION_COMMENTS = YES;
				CLANG_WARN_EMPTY_BODY = YES;
				CLANG_WARN_ENUM_CONVERSION = YES;
				CLANG_WARN_INFINITE_RECURSION = YES;
				CLANG_WARN_INT_CONVERSION = YES;
				CLANG_WARN_NON_LITERAL_NULL_CONVERSION = YES;
				CLANG_WARN_OBJC_IMPLICIT_RETAIN_SELF = YES;
				CLANG_WARN_OBJC_LITERAL_CONVERSION = YES;
				CLANG_WARN_OBJC_ROOT_CLASS = YES_ERROR;
				CLANG_WARN_RANGE_LOOP_ANALYSIS = YES;
				CLANG_WARN_STRICT_PROTOTYPES = YES;
				CLANG_WARN_SUSPICIOUS_MOVE = YES;
				CLANG_WARN_UNGUARDED_AVAILABILITY = YES_AGGRESSIVE;
				CLANG_WARN_UNREACHABLE_CODE = YES;
				CLANG_WARN__DUPLICATE_METHOD_MATCH = YES;
				COPY_PHASE_STRIP = NO;
				DEBUG_INFORMATION_FORMAT = dwarf;
				ENABLE_STRICT_OBJC_MSGSEND = YES;
				ENABLE_TESTABILITY = YES;
				GCC_C_LANGUAGE_STANDARD = gnu11;
				GCC_DYNAMIC_NO_PIC = NO;
				GCC_NO_COMMON_BLOCKS = YES;
				GCC_OPTIMIZATION_LEVEL = 0;
				GCC_PREPROCESSOR_DEFINITIONS = (
					"DEBUG=1",
					"$(inherited)",
				);
				GCC_WARN_64_TO_32_BIT_CONVERSION = YES;
				GCC_WARN_ABOUT_RETURN_TYPE = YES_ERROR;
				GCC_WARN_UNDECLARED_SELECTOR = YES;
				GCC_WARN_UNINITIALIZED_AUTOS = YES_AGGRESSIVE;
				GCC_WARN_UNUSED_FUNCTION = YES;
				GCC_WARN_UNUSED_VARIABLE = YES;
				IPHONEOS_DEPLOYMENT_TARGET = 13.6;
				MTL_ENABLE_DEBUG_INFO = INCLUDE_SOURCE;
				MTL_FAST_MATH = YES;
				ONLY_ACTIVE_ARCH = YES;
				SDKROOT = iphoneos;
				SWIFT_ACTIVE_COMPILATION_CONDITIONS = DEBUG;
				SWIFT_OPTIMIZATION_LEVEL = "-Onone";
			};
			name = Debug;
		};
		E18AA29324D6EEF30032D69B /* Release */ = {
			isa = XCBuildConfiguration;
			buildSettings = {
				ALWAYS_SEARCH_USER_PATHS = NO;
				CLANG_ANALYZER_NONNULL = YES;
				CLANG_ANALYZER_NUMBER_OBJECT_CONVERSION = YES_AGGRESSIVE;
				CLANG_CXX_LANGUAGE_STANDARD = "gnu++14";
				CLANG_CXX_LIBRARY = "libc++";
				CLANG_ENABLE_MODULES = YES;
				CLANG_ENABLE_OBJC_ARC = YES;
				CLANG_ENABLE_OBJC_WEAK = YES;
				CLANG_WARN_BLOCK_CAPTURE_AUTORELEASING = YES;
				CLANG_WARN_BOOL_CONVERSION = YES;
				CLANG_WARN_COMMA = YES;
				CLANG_WARN_CONSTANT_CONVERSION = YES;
				CLANG_WARN_DEPRECATED_OBJC_IMPLEMENTATIONS = YES;
				CLANG_WARN_DIRECT_OBJC_ISA_USAGE = YES_ERROR;
				CLANG_WARN_DOCUMENTATION_COMMENTS = YES;
				CLANG_WARN_EMPTY_BODY = YES;
				CLANG_WARN_ENUM_CONVERSION = YES;
				CLANG_WARN_INFINITE_RECURSION = YES;
				CLANG_WARN_INT_CONVERSION = YES;
				CLANG_WARN_NON_LITERAL_NULL_CONVERSION = YES;
				CLANG_WARN_OBJC_IMPLICIT_RETAIN_SELF = YES;
				CLANG_WARN_OBJC_LITERAL_CONVERSION = YES;
				CLANG_WARN_OBJC_ROOT_CLASS = YES_ERROR;
				CLANG_WARN_RANGE_LOOP_ANALYSIS = YES;
				CLANG_WARN_STRICT_PROTOTYPES = YES;
				CLANG_WARN_SUSPICIOUS_MOVE = YES;
				CLANG_WARN_UNGUARDED_AVAILABILITY = YES_AGGRESSIVE;
				CLANG_WARN_UNREACHABLE_CODE = YES;
				CLANG_WARN__DUPLICATE_METHOD_MATCH = YES;
				COPY_PHASE_STRIP = NO;
				DEBUG_INFORMATION_FORMAT = "dwarf-with-dsym";
				ENABLE_NS_ASSERTIONS = NO;
				ENABLE_STRICT_OBJC_MSGSEND = YES;
				GCC_C_LANGUAGE_STANDARD = gnu11;
				GCC_NO_COMMON_BLOCKS = YES;
				GCC_WARN_64_TO_32_BIT_CONVERSION = YES;
				GCC_WARN_ABOUT_RETURN_TYPE = YES_ERROR;
				GCC_WARN_UNDECLARED_SELECTOR = YES;
				GCC_WARN_UNINITIALIZED_AUTOS = YES_AGGRESSIVE;
				GCC_WARN_UNUSED_FUNCTION = YES;
				GCC_WARN_UNUSED_VARIABLE = YES;
				IPHONEOS_DEPLOYMENT_TARGET = 13.6;
				MTL_ENABLE_DEBUG_INFO = NO;
				MTL_FAST_MATH = YES;
				SDKROOT = iphoneos;
				SWIFT_COMPILATION_MODE = wholemodule;
				SWIFT_OPTIMIZATION_LEVEL = "-O";
				VALIDATE_PRODUCT = YES;
			};
			name = Release;
		};
		E18AA29524D6EEF30032D69B /* Debug */ = {
			isa = XCBuildConfiguration;
			buildSettings = {
				ASSETCATALOG_COMPILER_APPICON_NAME = AppIcon;
				CODE_SIGN_STYLE = Automatic;
				DEVELOPMENT_TEAM = 9D3JYFGBK6;
				INFOPLIST_FILE = "youtube-onedaybuild/Info.plist";
				LD_RUNPATH_SEARCH_PATHS = (
					"$(inherited)",
					"@executable_path/Frameworks",
				);
				PRODUCT_BUNDLE_IDENTIFIER = "Nadario.youtube-onedaybuild";
				PRODUCT_NAME = "$(TARGET_NAME)";
				SWIFT_VERSION = 5.0;
				TARGETED_DEVICE_FAMILY = "1,2";
			};
			name = Debug;
		};
		E18AA29624D6EEF30032D69B /* Release */ = {
			isa = XCBuildConfiguration;
			buildSettings = {
				ASSETCATALOG_COMPILER_APPICON_NAME = AppIcon;
				CODE_SIGN_STYLE = Automatic;
				DEVELOPMENT_TEAM = 9D3JYFGBK6;
				INFOPLIST_FILE = "youtube-onedaybuild/Info.plist";
				LD_RUNPATH_SEARCH_PATHS = (
					"$(inherited)",
					"@executable_path/Frameworks",
				);
				PRODUCT_BUNDLE_IDENTIFIER = "Nadario.youtube-onedaybuild";
				PRODUCT_NAME = "$(TARGET_NAME)";
				SWIFT_VERSION = 5.0;
				TARGETED_DEVICE_FAMILY = "1,2";
			};
			name = Release;
		};
/* End XCBuildConfiguration section */

/* Begin XCConfigurationList section */
		E18AA27B24D6EEF10032D69B /* Build configuration list for PBXProject "youtube-onedaybuild" */ = {
			isa = XCConfigurationList;
			buildConfigurations = (
				E18AA29224D6EEF30032D69B /* Debug */,
				E18AA29324D6EEF30032D69B /* Release */,
			);
			defaultConfigurationIsVisible = 0;
			defaultConfigurationName = Release;
		};
		E18AA29424D6EEF30032D69B /* Build configuration list for PBXNativeTarget "youtube-onedaybuild" */ = {
			isa = XCConfigurationList;
			buildConfigurations = (
				E18AA29524D6EEF30032D69B /* Debug */,
				E18AA29624D6EEF30032D69B /* Release */,
			);
			defaultConfigurationIsVisible = 0;
			defaultConfigurationName = Release;
		};
/* End XCConfigurationList section */
	};
	rootObject = E18AA27824D6EEF10032D69B /* Project object */;
}
